
Microsoft Visual Studio Solution File, Format Version 12.00
# Visual Studio Version 17
VisualStudioVersion = 17.7.34018.315
MinimumVisualStudioVersion = 10.0.40219.1
Project("{9A19103F-16F7-4668-BE54-9A1E7A4F7556}") = "NINA.Plugins.PolarAlignment", "PolarAlignment\NINA.Plugins.PolarAlignment.csproj", "{1DE8D7D3-F11E-494C-A371-95CB48DFFA18}"
EndProject
Project("{9A19103F-16F7-4668-BE54-9A1E7A4F7556}") = "NINA.Plugins.PolarAlignment.Test", "NINA.Plugins.PolarAlignment.Test\NINA.Plugins.PolarAlignment.Test.csproj", "{BA6590F4-4B69-42CF-AFC3-82FFDA0116C4}"
EndProject
Project("{2150E333-8FDC-42A3-9474-1A3956D46DE8}") = "SolutionFiles", "SolutionFiles", "{AD37D004-FDC4-4E60-B1E6-32487C6F36FB}"
	ProjectSection(SolutionItems) = preProject
		bitbucket-pipelines.yml = bitbucket-pipelines.yml
	EndProjectSection
EndProject
Global
	GlobalSection(SolutionConfigurationPlatforms) = preSolution
		Debug|Any CPU = Debug|Any CPU
		Debug|x64 = Debug|x64
		Release|Any CPU = Release|Any CPU
		Release|x64 = Release|x64
	EndGlobalSection
	GlobalSection(ProjectConfigurationPlatforms) = postSolution
		{1DE8D7D3-F11E-494C-A371-95CB48DFFA18}.Debug|Any CPU.ActiveCfg = Debug|Any CPU
		{1DE8D7D3-F11E-494C-A371-95CB48DFFA18}.Debug|Any CPU.Build.0 = Debug|Any CPU
		{1DE8D7D3-F11E-494C-A371-95CB48DFFA18}.Debug|x64.ActiveCfg = Debug|x64
		{1DE8D7D3-F11E-494C-A371-95CB48DFFA18}.Debug|x64.Build.0 = Debug|x64
		{1DE8D7D3-F11E-494C-A371-95CB48DFFA18}.Release|Any CPU.ActiveCfg = Release|Any CPU
		{1DE8D7D3-F11E-494C-A371-95CB48DFFA18}.Release|Any CPU.Build.0 = Release|Any CPU
		{1DE8D7D3-F11E-494C-A371-95CB48DFFA18}.Release|x64.ActiveCfg = Release|x64
		{1DE8D7D3-F11E-494C-A371-95CB48DFFA18}.Release|x64.Build.0 = Release|x64
		{BA6590F4-4B69-42CF-AFC3-82FFDA0116C4}.Debug|Any CPU.ActiveCfg = Debug|Any CPU
		{BA6590F4-4B69-42CF-AFC3-82FFDA0116C4}.Debug|Any CPU.Build.0 = Debug|Any CPU
		{BA6590F4-4B69-42CF-AFC3-82FFDA0116C4}.Debug|x64.ActiveCfg = Debug|Any CPU
		{BA6590F4-4B69-42CF-AFC3-82FFDA0116C4}.Debug|x64.Build.0 = Debug|Any CPU
		{BA6590F4-4B69-42CF-AFC3-82FFDA0116C4}.Release|Any CPU.ActiveCfg = Release|Any CPU
		{BA6590F4-4B69-42CF-AFC3-82FFDA0116C4}.Release|x64.ActiveCfg = Release|Any CPU
		{BA6590F4-4B69-42CF-AFC3-82FFDA0116C4}.Release|x64.Build.0 = Release|Any CPU
	EndGlobalSection
	GlobalSection(SolutionProperties) = preSolution
		HideSolutionNode = FALSE
	EndGlobalSection
	GlobalSection(ExtensibilityGlobals) = postSolution
		SolutionGuid = {5306FFA4-415C-4385-9467-147CFFFEF5C8}
	EndGlobalSection
EndGlobal
